
Microsoft Visual Studio Solution File, Format Version 12.00
# Visual Studio Version 16
VisualStudioVersion = 16.0.35425.106
MinimumVisualStudioVersion = 10.0.40219.1
Project("{FAE04EC0-301F-11D3-BF4B-00C04F79EFBC}") = "sinav_durumu_hesaplama", "sinav_durumu_hesaplama\sinav_durumu_hesaplama.csproj", "{856EC748-B419-4763-A83E-C19FB5FF301B}"
EndProject
Global
	GlobalSection(SolutionConfigurationPlatforms) = preSolution
		Debug|Any CPU = Debug|Any CPU
		Release|Any CPU = Release|Any CPU
	EndGlobalSection
	GlobalSection(ProjectConfigurationPlatforms) = postSolution
		{856EC748-B419-4763-A83E-C19FB5FF301B}.Debug|Any CPU.ActiveCfg = Debug|Any CPU
		{856EC748-B419-4763-A83E-C19FB5FF301B}.Debug|Any CPU.Build.0 = Debug|Any CPU
		{856EC748-B419-4763-A83E-C19FB5FF301B}.Release|Any CPU.ActiveCfg = Release|Any CPU
		{856EC748-B419-4763-A83E-C19FB5FF301B}.Release|Any CPU.Build.0 = Release|Any CPU
	EndGlobalSection
	GlobalSection(SolutionProperties) = preSolution
		HideSolutionNode = FALSE
	EndGlobalSection
	GlobalSection(ExtensibilityGlobals) = postSolution
		SolutionGuid = {5AFA644A-B0E1-4720-8659-91819345CD96}
	EndGlobalSection
EndGlobal
