
Microsoft Visual Studio Solution File, Format Version 12.00
# Visual Studio Version 16
VisualStudioVersion = 16.0.35425.106
MinimumVisualStudioVersion = 10.0.40219.1
Project("{FAE04EC0-301F-11D3-BF4B-00C04F79EFBC}") = "alisveris_indirim", "alisveris_indirim\alisveris_indirim.csproj", "{C356DF79-A063-4344-B966-6A40B4C5D355}"
EndProject
Global
	GlobalSection(SolutionConfigurationPlatforms) = preSolution
		Debug|Any CPU = Debug|Any CPU
		Release|Any CPU = Release|Any CPU
	EndGlobalSection
	GlobalSection(ProjectConfigurationPlatforms) = postSolution
		{C356DF79-A063-4344-B966-6A40B4C5D355}.Debug|Any CPU.ActiveCfg = Debug|Any CPU
		{C356DF79-A063-4344-B966-6A40B4C5D355}.Debug|Any CPU.Build.0 = Debug|Any CPU
		{C356DF79-A063-4344-B966-6A40B4C5D355}.Release|Any CPU.ActiveCfg = Release|Any CPU
		{C356DF79-A063-4344-B966-6A40B4C5D355}.Release|Any CPU.Build.0 = Release|Any CPU
	EndGlobalSection
	GlobalSection(SolutionProperties) = preSolution
		HideSolutionNode = FALSE
	EndGlobalSection
	GlobalSection(ExtensibilityGlobals) = postSolution
		SolutionGuid = {5ACABF41-B3F3-4DCA-92C2-7D8C196B9E8E}
	EndGlobalSection
EndGlobal
